
Microsoft Visual Studio Solution File, Format Version 12.00
# Visual Studio Version 17
VisualStudioVersion = 17.5.002.0
MinimumVisualStudioVersion = 10.0.40219.1
Project("{9A19103F-16F7-4668-BE54-9A1E7A4F7556}") = "CodingBasics", "CodingBasics.csproj", "{66B43F42-EC34-4A46-98B2-1F224B712776}"
EndProject
Global
	GlobalSection(SolutionConfigurationPlatforms) = preSolution
		Debug|Any CPU = Debug|Any CPU
		Release|Any CPU = Release|Any CPU
	EndGlobalSection
	GlobalSection(ProjectConfigurationPlatforms) = postSolution
		{66B43F42-EC34-4A46-98B2-1F224B712776}.Debug|Any CPU.ActiveCfg = Debug|Any CPU
		{66B43F42-EC34-4A46-98B2-1F224B712776}.Debug|Any CPU.Build.0 = Debug|Any CPU
		{66B43F42-EC34-4A46-98B2-1F224B712776}.Release|Any CPU.ActiveCfg = Release|Any CPU
		{66B43F42-EC34-4A46-98B2-1F224B712776}.Release|Any CPU.Build.0 = Release|Any CPU
	EndGlobalSection
	GlobalSection(SolutionProperties) = preSolution
		HideSolutionNode = FALSE
	EndGlobalSection
	GlobalSection(ExtensibilityGlobals) = postSolution
		SolutionGuid = {CFAD860A-82EA-46BB-9FCC-7FBF4AA59405}
	EndGlobalSection
EndGlobal
